
Microsoft Visual Studio Solution File, Format Version 12.00
# Visual Studio Version 16
VisualStudioVersion = 16.0.32126.315
MinimumVisualStudioVersion = 10.0.40219.1
Project("{9A19103F-16F7-4668-BE54-9A1E7A4F7556}") = "01-ByteBank", "01-ByteBank\01-ByteBank.csproj", "{C23ACB94-7F02-4037-98D0-32C2E3534098}"
EndProject
Project("{9A19103F-16F7-4668-BE54-9A1E7A4F7556}") = "02-ByteBank", "02-ByteBank\02-ByteBank.csproj", "{0A5D2118-7768-43A2-AC08-E674325757AD}"
EndProject
Project("{9A19103F-16F7-4668-BE54-9A1E7A4F7556}") = "03-ByteBank", "03-ByteBank\03-ByteBank.csproj", "{AD8D17C9-C7FE-461A-B2B2-49C0B65378C7}"
EndProject
Project("{9A19103F-16F7-4668-BE54-9A1E7A4F7556}") = "04-ByteBank", "04-ByteBank\04-ByteBank.csproj", "{1DFC1810-0781-4A05-9933-2CDC8AAD347E}"
EndProject
Project("{FAE04EC0-301F-11D3-BF4B-00C04F79EFBC}") = "05-ByteBank", "05-ByteBank\05-ByteBank.csproj", "{AEDAEE01-A943-47DA-84E6-42DC074740BE}"
EndProject
Global
	GlobalSection(SolutionConfigurationPlatforms) = preSolution
		Debug|Any CPU = Debug|Any CPU
		Release|Any CPU = Release|Any CPU
	EndGlobalSection
	GlobalSection(ProjectConfigurationPlatforms) = postSolution
		{C23ACB94-7F02-4037-98D0-32C2E3534098}.Debug|Any CPU.ActiveCfg = Debug|Any CPU
		{C23ACB94-7F02-4037-98D0-32C2E3534098}.Debug|Any CPU.Build.0 = Debug|Any CPU
		{C23ACB94-7F02-4037-98D0-32C2E3534098}.Release|Any CPU.ActiveCfg = Release|Any CPU
		{C23ACB94-7F02-4037-98D0-32C2E3534098}.Release|Any CPU.Build.0 = Release|Any CPU
		{0A5D2118-7768-43A2-AC08-E674325757AD}.Debug|Any CPU.ActiveCfg = Debug|Any CPU
		{0A5D2118-7768-43A2-AC08-E674325757AD}.Debug|Any CPU.Build.0 = Debug|Any CPU
		{0A5D2118-7768-43A2-AC08-E674325757AD}.Release|Any CPU.ActiveCfg = Release|Any CPU
		{0A5D2118-7768-43A2-AC08-E674325757AD}.Release|Any CPU.Build.0 = Release|Any CPU
		{AD8D17C9-C7FE-461A-B2B2-49C0B65378C7}.Debug|Any CPU.ActiveCfg = Debug|Any CPU
		{AD8D17C9-C7FE-461A-B2B2-49C0B65378C7}.Debug|Any CPU.Build.0 = Debug|Any CPU
		{AD8D17C9-C7FE-461A-B2B2-49C0B65378C7}.Release|Any CPU.ActiveCfg = Release|Any CPU
		{AD8D17C9-C7FE-461A-B2B2-49C0B65378C7}.Release|Any CPU.Build.0 = Release|Any CPU
		{1DFC1810-0781-4A05-9933-2CDC8AAD347E}.Debug|Any CPU.ActiveCfg = Debug|Any CPU
		{1DFC1810-0781-4A05-9933-2CDC8AAD347E}.Debug|Any CPU.Build.0 = Debug|Any CPU
		{1DFC1810-0781-4A05-9933-2CDC8AAD347E}.Release|Any CPU.ActiveCfg = Release|Any CPU
		{1DFC1810-0781-4A05-9933-2CDC8AAD347E}.Release|Any CPU.Build.0 = Release|Any CPU
		{AEDAEE01-A943-47DA-84E6-42DC074740BE}.Debug|Any CPU.ActiveCfg = Debug|Any CPU
		{AEDAEE01-A943-47DA-84E6-42DC074740BE}.Debug|Any CPU.Build.0 = Debug|Any CPU
		{AEDAEE01-A943-47DA-84E6-42DC074740BE}.Release|Any CPU.ActiveCfg = Release|Any CPU
		{AEDAEE01-A943-47DA-84E6-42DC074740BE}.Release|Any CPU.Build.0 = Release|Any CPU
	EndGlobalSection
	GlobalSection(SolutionProperties) = preSolution
		HideSolutionNode = FALSE
	EndGlobalSection
	GlobalSection(ExtensibilityGlobals) = postSolution
		SolutionGuid = {96874BDD-6DD6-4C9A-9B98-3760243F0968}
	EndGlobalSection
EndGlobal
