
Microsoft Visual Studio Solution File, Format Version 12.00
# Visual Studio Version 16
VisualStudioVersion = 16.0.32126.315
MinimumVisualStudioVersion = 10.0.40219.1
Project("{9A19103F-16F7-4668-BE54-9A1E7A4F7556}") = "1-PrimeiroProjeto", "1-PrimeiroProjeto\1-PrimeiroProjeto.csproj", "{0307AFF3-107E-4EC1-A668-FF52D176061C}"
EndProject
Project("{9A19103F-16F7-4668-BE54-9A1E7A4F7556}") = "2-CriandoVariaveis", "2-CriandoVariaveis\2-CriandoVariaveis.csproj", "{EC81A604-835F-4B34-9203-2A3DD6507D3C}"
EndProject
Project("{9A19103F-16F7-4668-BE54-9A1E7A4F7556}") = "3-CriandoVariavesPontoFlutuante", "3-CriandoVariavesPontoFlutuante\3-CriandoVariavesPontoFlutuante.csproj", "{65F65D1A-51EA-4C26-8B55-EB7B5D6FCD47}"
EndProject
Project("{9A19103F-16F7-4668-BE54-9A1E7A4F7556}") = "4-ConversoeseOutrosTiposNumericos", "ConversoeseOutrosTiposNumericos\4-ConversoeseOutrosTiposNumericos.csproj", "{F9FDA165-CF52-4689-A74B-822586759EC5}"
EndProject
Project("{FAE04EC0-301F-11D3-BF4B-00C04F79EFBC}") = "CaractereseTextos", "CaractereseTextos\CaractereseTextos.csproj", "{7DF655B1-31F5-499D-BA01-95407C0C3028}"
EndProject
Global
	GlobalSection(SolutionConfigurationPlatforms) = preSolution
		Debug|Any CPU = Debug|Any CPU
		Release|Any CPU = Release|Any CPU
	EndGlobalSection
	GlobalSection(ProjectConfigurationPlatforms) = postSolution
		{0307AFF3-107E-4EC1-A668-FF52D176061C}.Debug|Any CPU.ActiveCfg = Debug|Any CPU
		{0307AFF3-107E-4EC1-A668-FF52D176061C}.Debug|Any CPU.Build.0 = Debug|Any CPU
		{0307AFF3-107E-4EC1-A668-FF52D176061C}.Release|Any CPU.ActiveCfg = Release|Any CPU
		{0307AFF3-107E-4EC1-A668-FF52D176061C}.Release|Any CPU.Build.0 = Release|Any CPU
		{EC81A604-835F-4B34-9203-2A3DD6507D3C}.Debug|Any CPU.ActiveCfg = Debug|Any CPU
		{EC81A604-835F-4B34-9203-2A3DD6507D3C}.Debug|Any CPU.Build.0 = Debug|Any CPU
		{EC81A604-835F-4B34-9203-2A3DD6507D3C}.Release|Any CPU.ActiveCfg = Release|Any CPU
		{EC81A604-835F-4B34-9203-2A3DD6507D3C}.Release|Any CPU.Build.0 = Release|Any CPU
		{65F65D1A-51EA-4C26-8B55-EB7B5D6FCD47}.Debug|Any CPU.ActiveCfg = Debug|Any CPU
		{65F65D1A-51EA-4C26-8B55-EB7B5D6FCD47}.Debug|Any CPU.Build.0 = Debug|Any CPU
		{65F65D1A-51EA-4C26-8B55-EB7B5D6FCD47}.Release|Any CPU.ActiveCfg = Release|Any CPU
		{65F65D1A-51EA-4C26-8B55-EB7B5D6FCD47}.Release|Any CPU.Build.0 = Release|Any CPU
		{F9FDA165-CF52-4689-A74B-822586759EC5}.Debug|Any CPU.ActiveCfg = Debug|Any CPU
		{F9FDA165-CF52-4689-A74B-822586759EC5}.Debug|Any CPU.Build.0 = Debug|Any CPU
		{F9FDA165-CF52-4689-A74B-822586759EC5}.Release|Any CPU.ActiveCfg = Release|Any CPU
		{F9FDA165-CF52-4689-A74B-822586759EC5}.Release|Any CPU.Build.0 = Release|Any CPU
		{7DF655B1-31F5-499D-BA01-95407C0C3028}.Debug|Any CPU.ActiveCfg = Debug|Any CPU
		{7DF655B1-31F5-499D-BA01-95407C0C3028}.Debug|Any CPU.Build.0 = Debug|Any CPU
		{7DF655B1-31F5-499D-BA01-95407C0C3028}.Release|Any CPU.ActiveCfg = Release|Any CPU
		{7DF655B1-31F5-499D-BA01-95407C0C3028}.Release|Any CPU.Build.0 = Release|Any CPU
	EndGlobalSection
	GlobalSection(SolutionProperties) = preSolution
		HideSolutionNode = FALSE
	EndGlobalSection
	GlobalSection(ExtensibilityGlobals) = postSolution
		SolutionGuid = {AC4193BC-11AF-4D50-BFC3-49E6FA248FA9}
	EndGlobalSection
EndGlobal
